{
  "name": "Copy of PC Builder Pro AI",
  "description": "An AI-powered custom PC build advisor that helps you select parts, check compatibility, calculate wattage, and visualize your dream rig using Gemini's latest grounding and image generation features.",
  "requestFramePermissions": [
    "camera",
    "microphone"
  ]
}